hash: 7076bc2f9087dc08259cdbeb7edcf27574f2d88002ccb83ec5dfcec1a55fd17f
updated: 2016-06-04T12:28:29.775694583-06:00
imports:
- name: github.com/bgentry/speakeasy
  version: e1439544d8ecd0f3e9373a636d447668096a8f81
- name: github.com/eldarion-gondor/gondor-go
  version: 91afe69e5c9ea4364a8f7fe884260cbf0f1af420
  subpackages:
  - lib
- name: github.com/flynn/flynn
  version: dadac3a519bdbab8752699e180e4226741c4e321
  subpackages:
  - pkg/attempt
- name: github.com/inconshreveable/go-update
  version: 8152e7eb6ccf8679a64582a66b78519688d156ad
  subpackages:
  - internal/binarydist
  - internal/osext
- name: github.com/mattn/go-runewidth
  version: d6bea18f789704b5f83375793155289da36a3c7f
- name: github.com/mgutz/ansi
  version: c286dcecd19ff979eeb73ea444e479b903f2cfcb
- name: github.com/mitchellh/go-homedir
  version: 981ab348d865cf048eb7d17e78ac7192632d8415
- name: github.com/olekukonko/tablewriter
  version: 8d0265a48283795806b872b4728c67bf5c777f20
- name: github.com/pivotal-golang/bytefmt
  version: 263ce04fc1d71bc7d50c241293488b3f54c779e5
- name: github.com/skratchdot/open-golang
  version: 75fb7ed4208cf72d323d7d02fd1a5964a7a9073c
  subpackages:
  - open
- name: github.com/tj/go-spin
  version: 866762925be273d8db6a8b816f359ca41d61bcdb
- name: github.com/urfave/cli
  version: edb24d02aa3cea2319c33f2836d4a5133907fe4c
- name: golang.org/x/crypto
  version: 5bcd134fee4dd1475da17714aac19c0aa0142e2f
  subpackages:
  - ssh/terminal
- name: golang.org/x/net
  version: c4c3ea71919de159c9e246d7be66deb7f0a39a58
  subpackages:
  - websocket
- name: gopkg.in/yaml.v2
  version: a83829b6f1293c91addabc89d0571c246397bbf4
devImports: []
